
Microsoft Visual Studio Solution File, Format Version 12.00
# Visual Studio Version 17
VisualStudioVersion = 17.13.35825.156 d17.13
MinimumVisualStudioVersion = 10.0.40219.1
Project("{FAE04EC0-301F-11D3-BF4B-00C04F79EFBC}") = "employeeManagementSystem_Backend", "employeeManagementSystem_Backend\employeeManagementSystem_Backend.csproj", "{917D1B30-63B3-426B-99D5-CD6E7E206B00}"
EndProject
Global
	GlobalSection(SolutionConfigurationPlatforms) = preSolution
		Debug|Any CPU = Debug|Any CPU
		Release|Any CPU = Release|Any CPU
	EndGlobalSection
	GlobalSection(ProjectConfigurationPlatforms) = postSolution
		{917D1B30-63B3-426B-99D5-CD6E7E206B00}.Debug|Any CPU.ActiveCfg = Debug|Any CPU
		{917D1B30-63B3-426B-99D5-CD6E7E206B00}.Debug|Any CPU.Build.0 = Debug|Any CPU
		{917D1B30-63B3-426B-99D5-CD6E7E206B00}.Release|Any CPU.ActiveCfg = Release|Any CPU
		{917D1B30-63B3-426B-99D5-CD6E7E206B00}.Release|Any CPU.Build.0 = Release|Any CPU
	EndGlobalSection
	GlobalSection(SolutionProperties) = preSolution
		HideSolutionNode = FALSE
	EndGlobalSection
	GlobalSection(ExtensibilityGlobals) = postSolution
		SolutionGuid = {5E2497AF-F7F5-4403-9EED-088448FF25E1}
	EndGlobalSection
EndGlobal
