
Microsoft Visual Studio Solution File, Format Version 12.00
# Visual Studio Version 17
VisualStudioVersion = 17.13.35825.156 d17.13
MinimumVisualStudioVersion = 10.0.40219.1
Project("{FAE04EC0-301F-11D3-BF4B-00C04F79EFBC}") = "crud-employee-system", "crud-employee-system\crud-employee-system.csproj", "{779B85B3-D0AB-464F-B017-FEB3F7224E52}"
EndProject
Global
	GlobalSection(SolutionConfigurationPlatforms) = preSolution
		Debug|Any CPU = Debug|Any CPU
		Release|Any CPU = Release|Any CPU
	EndGlobalSection
	GlobalSection(ProjectConfigurationPlatforms) = postSolution
		{779B85B3-D0AB-464F-B017-FEB3F7224E52}.Debug|Any CPU.ActiveCfg = Debug|Any CPU
		{779B85B3-D0AB-464F-B017-FEB3F7224E52}.Debug|Any CPU.Build.0 = Debug|Any CPU
		{779B85B3-D0AB-464F-B017-FEB3F7224E52}.Release|Any CPU.ActiveCfg = Release|Any CPU
		{779B85B3-D0AB-464F-B017-FEB3F7224E52}.Release|Any CPU.Build.0 = Release|Any CPU
	EndGlobalSection
	GlobalSection(SolutionProperties) = preSolution
		HideSolutionNode = FALSE
	EndGlobalSection
	GlobalSection(ExtensibilityGlobals) = postSolution
		SolutionGuid = {4FC9D85D-C03F-4641-B95A-6DD68B001013}
	EndGlobalSection
EndGlobal
